Microsoft Visual Studio Solution File, Format Version 12.00
# Visual Studio Version 17
VisualStudioVersion = 17.5.2.0
MinimumVisualStudioVersion = 10.0.40219.1
Project("{FAE04EC0-301F-11D3-BF4B-00C04F79EFBC}") = "jogo-do-numero-aleatorio", "jogo-do-numero-aleatorio.csproj", "{04DA2481-DC22-DB36-942F-1CA2E0CC6A14}"
EndProject
Global
	GlobalSection(SolutionConfigurationPlatforms) = preSolution
		Debug|Any CPU = Debug|Any CPU
		Release|Any CPU = Release|Any CPU
	EndGlobalSection
	GlobalSection(ProjectConfigurationPlatforms) = postSolution
		{04DA2481-DC22-DB36-942F-1CA2E0CC6A14}.Debug|Any CPU.ActiveCfg = Debug|Any CPU
		{04DA2481-DC22-DB36-942F-1CA2E0CC6A14}.Debug|Any CPU.Build.0 = Debug|Any CPU
		{04DA2481-DC22-DB36-942F-1CA2E0CC6A14}.Release|Any CPU.ActiveCfg = Release|Any CPU
		{04DA2481-DC22-DB36-942F-1CA2E0CC6A14}.Release|Any CPU.Build.0 = Release|Any CPU
	EndGlobalSection
	GlobalSection(SolutionProperties) = preSolution
		HideSolutionNode = FALSE
	EndGlobalSection
	GlobalSection(ExtensibilityGlobals) = postSolution
		SolutionGuid = {558D1404-10FD-420C-ABEA-29F07A799AC4}
	EndGlobalSection
EndGlobal
